// !$*UTF8*$!
{
	archiveVersion = 1;
	classes = {
	};
	objectVersion = 46;
	objects = {

/* Begin PBXBuildFile section */
		1F25B71C1ADE2917000EC625 /* AstrologicalSignProvider.swift in Sources */ = {isa = PBXBuildFile; fileRef = 1F25B71B1ADE2917000EC625 /* AstrologicalSignProvider.swift */; };
		1F389D131ADD8EDC0027CA21 /* MenuViewController.swift in Sources */ = {isa = PBXBuildFile; fileRef = 1F389D121ADD8EDC0027CA21 /* MenuViewController.swift */; };
		1F389D181ADD8EFB0027CA21 /* BackgroundViewController.swift in Sources */ = {isa = PBXBuildFile; fileRef = 1F389D171ADD8EFB0027CA21 /* BackgroundViewController.swift */; };
		1F389D1A1ADD8F5E0027CA21 /* InfiniteScrollview.swift in Sources */ = {isa = PBXBuildFile; fileRef = 1F389D191ADD8F5E0027CA21 /* InfiniteScrollview.swift */; };
		611A13FB1B168A3400A9A4B1 /* C4UI.framework in CopyFiles */ = {isa = PBXBuildFile; fileRef = 611A13DB1B1688B500A9A4B1 /* C4UI.framework */; settings = {ATTRIBUTES = (CodeSignOnCopy, RemoveHeadersOnCopy, ); }; };
		611A13FF1B168A3400A9A4B1 /* C4Core.framework in CopyFiles */ = {isa = PBXBuildFile; fileRef = 611A13DF1B1688B500A9A4B1 /* C4Core.framework */; settings = {ATTRIBUTES = (CodeSignOnCopy, RemoveHeadersOnCopy, ); }; };
		611A14031B168A3400A9A4B1 /* C4Animation.framework in CopyFiles */ = {isa = PBXBuildFile; fileRef = 611A13E31B1688B500A9A4B1 /* C4Animation.framework */; settings = {ATTRIBUTES = (CodeSignOnCopy, RemoveHeadersOnCopy, ); }; };
		D928B55C1A004E3200B0E813 /* AppDelegate.swift in Sources */ = {isa = PBXBuildFile; fileRef = D928B55B1A004E3200B0E813 /* AppDelegate.swift */; };
		D928B55E1A004E3200B0E813 /* ViewController.swift in Sources */ = {isa = PBXBuildFile; fileRef = D928B55D1A004E3200B0E813 /* ViewController.swift */; };
		D928B5611A004E3200B0E813 /* Main.storyboard in Resources */ = {isa = PBXBuildFile; fileRef = D928B55F1A004E3200B0E813 /* Main.storyboard */; };
		D928B5661A004E3200B0E813 /* LaunchScreen.xib in Resources */ = {isa = PBXBuildFile; fileRef = D928B5641A004E3200B0E813 /* LaunchScreen.xib */; };
		D928B5721A004E3200B0E813 /* C4SwiftTests.swift in Sources */ = {isa = PBXBuildFile; fileRef = D928B5711A004E3200B0E813 /* C4SwiftTests.swift */; };
		D95113AC1ADF1A6C007951E0 /* Images.xcassets in Resources */ = {isa = PBXBuildFile; fileRef = D95113AB1ADF1A6C007951E0 /* Images.xcassets */; };
		D95113AE1ADF2167007951E0 /* menuClose.mp3 in Resources */ = {isa = PBXBuildFile; fileRef = D95113AD1ADF2167007951E0 /* menuClose.mp3 */; };
		D95113B01ADF2173007951E0 /* menuOpen.mp3 in Resources */ = {isa = PBXBuildFile; fileRef = D95113AF1ADF2173007951E0 /* menuOpen.mp3 */; };
		D95113B81ADF2E3E007951E0 /* tick.mp3 in Resources */ = {isa = PBXBuildFile; fileRef = D95113B71ADF2E3E007951E0 /* tick.mp3 */; };
		D95113BA1ADF3953007951E0 /* audio2.mp3 in Resources */ = {isa = PBXBuildFile; fileRef = D95113B91ADF3953007951E0 /* audio2.mp3 */; };
		D95113BC1ADF3959007951E0 /* audio1.mp3 in Resources */ = {isa = PBXBuildFile; fileRef = D95113BB1ADF3959007951E0 /* audio1.mp3 */; };
		D95DC2E41B0E685400297179 /* InfoViewController.swift in Sources */ = {isa = PBXBuildFile; fileRef = D95DC2E31B0E685400297179 /* InfoViewController.swift */; };
/* End PBXBuildFile section */

/* Begin PBXContainerItemProxy section */
		611A13DA1B1688B500A9A4B1 /* PBXContainerItemProxy */ = {
			isa = PBXContainerItemProxy;
			containerPortal = D955EAF51A004F4A008356DD /* C4iOS.xcodeproj */;
			proxyType = 2;
			remoteGlobalIDString = 614F824319DB5ED3001DF1D4;
			remoteInfo = C4UI;
		};
		611A13DC1B1688B500A9A4B1 /* PBXContainerItemProxy */ = {
			isa = PBXContainerItemProxy;
			containerPortal = D955EAF51A004F4A008356DD /* C4iOS.xcodeproj */;
			proxyType = 2;
			remoteGlobalIDString = 614F824E19DB5ED4001DF1D4;
			remoteInfo = C4UITests;
		};
		611A13DE1B1688B500A9A4B1 /* PBXContainerItemProxy */ = {
			isa = PBXContainerItemProxy;
			containerPortal = D955EAF51A004F4A008356DD /* C4iOS.xcodeproj */;
			proxyType = 2;
			remoteGlobalIDString = A9596D191A054A960023323D;
			remoteInfo = C4Core;
		};
		611A13E01B1688B500A9A4B1 /* PBXContainerItemProxy */ = {
			isa = PBXContainerItemProxy;
			containerPortal = D955EAF51A004F4A008356DD /* C4iOS.xcodeproj */;
			proxyType = 2;
			remoteGlobalIDString = A9596D231A054A960023323D;
			remoteInfo = C4CoreTests;
		};
		611A13E21B1688B500A9A4B1 /* PBXContainerItemProxy */ = {
			isa = PBXContainerItemProxy;
			containerPortal = D955EAF51A004F4A008356DD /* C4iOS.xcodeproj */;
			proxyType = 2;
			remoteGlobalIDString = A9596D8A1A089E9F0023323D;
			remoteInfo = C4Animation;
		};
		611A13E41B1688B500A9A4B1 /* PBXContainerItemProxy */ = {
			isa = PBXContainerItemProxy;
			containerPortal = D955EAF51A004F4A008356DD /* C4iOS.xcodeproj */;
			proxyType = 2;
			remoteGlobalIDString = A9596D941A089EA00023323D;
			remoteInfo = C4AnimationTests;
		};
		611A13E71B16897F00A9A4B1 /* PBXContainerItemProxy */ = {
			isa = PBXContainerItemProxy;
			containerPortal = D955EAF51A004F4A008356DD /* C4iOS.xcodeproj */;
			proxyType = 1;
			remoteGlobalIDString = 614F824219DB5ED3001DF1D4;
			remoteInfo = C4UI;
		};
		611A13E91B16897F00A9A4B1 /* PBXContainerItemProxy */ = {
			isa = PBXContainerItemProxy;
			containerPortal = D955EAF51A004F4A008356DD /* C4iOS.xcodeproj */;
			proxyType = 1;
			remoteGlobalIDString = A9596D181A054A960023323D;
			remoteInfo = C4Core;
		};
		611A13EB1B16897F00A9A4B1 /* PBXContainerItemProxy */ = {
			isa = PBXContainerItemProxy;
			containerPortal = D955EAF51A004F4A008356DD /* C4iOS.xcodeproj */;
			proxyType = 1;
			remoteGlobalIDString = A9596D891A089E9F0023323D;
			remoteInfo = C4Animation;
		};
		611A13FC1B168A3400A9A4B1 /* PBXContainerItemProxy */ = {
			isa = PBXContainerItemProxy;
			containerPortal = D955EAF51A004F4A008356DD /* C4iOS.xcodeproj */;
			proxyType = 1;
			remoteGlobalIDString = 614F824219DB5ED3001DF1D4;
			remoteInfo = C4UI;
		};
		611A14001B168A3400A9A4B1 /* PBXContainerItemProxy */ = {
			isa = PBXContainerItemProxy;
			containerPortal = D955EAF51A004F4A008356DD /* C4iOS.xcodeproj */;
			proxyType = 1;
			remoteGlobalIDString = A9596D181A054A960023323D;
			remoteInfo = C4Core;
		};
		611A14041B168A3400A9A4B1 /* PBXContainerItemProxy */ = {
			isa = PBXContainerItemProxy;
			containerPortal = D955EAF51A004F4A008356DD /* C4iOS.xcodeproj */;
			proxyType = 1;
			remoteGlobalIDString = A9596D891A089E9F0023323D;
			remoteInfo = C4Animation;
		};
		D928B56C1A004E3200B0E813 /* PBXContainerItemProxy */ = {
			isa = PBXContainerItemProxy;
			containerPortal = D928B54E1A004E3200B0E813 /* Project object */;
			proxyType = 1;
			remoteGlobalIDString = D928B5551A004E3200B0E813;
			remoteInfo = C4Swift;
		};
/* End PBXContainerItemProxy section */

/* Begin PBXCopyFilesBuildPhase section */
		1FA635C21A7C950B0061A54E /* CopyFiles */ = {
			isa = PBXCopyFilesBuildPhase;
			buildActionMask = 2147483647;
			dstPath = "";
			dstSubfolderSpec = 10;
			files = (
				611A13FF1B168A3400A9A4B1 /* C4Core.framework in CopyFiles */,
				611A13FB1B168A3400A9A4B1 /* C4UI.framework in CopyFiles */,
				611A14031B168A3400A9A4B1 /* C4Animation.framework in CopyFiles */,
			);
			runOnlyForDeploymentPostprocessing = 0;
		};
/* End PBXCopyFilesBuildPhase section */

/* Begin PBXFileReference section */
		1F25B71B1ADE2917000EC625 /* AstrologicalSignProvider.swift */ = {isa = PBXFileReference; fileEncoding = 4; lastKnownFileType = sourcecode.swift; path = AstrologicalSignProvider.swift; sourceTree = "<group>"; };
		1F389D121ADD8EDC0027CA21 /* MenuViewController.swift */ = {isa = PBXFileReference; fileEncoding = 4; lastKnownFileType = sourcecode.swift; path = MenuViewController.swift; sourceTree = "<group>"; };
		1F389D171ADD8EFB0027CA21 /* BackgroundViewController.swift */ = {isa = PBXFileReference; fileEncoding = 4; lastKnownFileType = sourcecode.swift; path = BackgroundViewController.swift; sourceTree = "<group>"; };
		1F389D191ADD8F5E0027CA21 /* InfiniteScrollview.swift */ = {isa = PBXFileReference; fileEncoding = 4; lastKnownFileType = sourcecode.swift; path = InfiniteScrollview.swift; sourceTree = "<group>"; };
		D928B5561A004E3200B0E813 /* C4SMOS.app */ = {isa = PBXFileReference; explicitFileType = wrapper.application; includeInIndex = 0; path = C4SMOS.app; sourceTree = BUILT_PRODUCTS_DIR; };
		D928B55A1A004E3200B0E813 /* Info.plist */ = {isa = PBXFileReference; lastKnownFileType = text.plist.xml; path = Info.plist; sourceTree = "<group>"; };
		D928B55B1A004E3200B0E813 /* AppDelegate.swift */ = {isa = PBXFileReference; lastKnownFileType = sourcecode.swift; path = AppDelegate.swift; sourceTree = "<group>"; };
		D928B55D1A004E3200B0E813 /* ViewController.swift */ = {isa = PBXFileReference; lastKnownFileType = sourcecode.swift; path = ViewController.swift; sourceTree = "<group>"; };
		D928B5601A004E3200B0E813 /* Base */ = {isa = PBXFileReference; lastKnownFileType = file.storyboard; name = Base; path = Base.lproj/Main.storyboard; sourceTree = "<group>"; };
		D928B5651A004E3200B0E813 /* Base */ = {isa = PBXFileReference; lastKnownFileType = file.xib; name = Base; path = Base.lproj/LaunchScreen.xib; sourceTree = "<group>"; };
		D928B56B1A004E3200B0E813 /* C4SwiftTests.xctest */ = {isa = PBXFileReference; explicitFileType = wrapper.cfbundle; includeInIndex = 0; path = C4SwiftTests.xctest; sourceTree = BUILT_PRODUCTS_DIR; };
		D928B5701A004E3200B0E813 /* Info.plist */ = {isa = PBXFileReference; lastKnownFileType = text.plist.xml; path = Info.plist; sourceTree = "<group>"; };
		D928B5711A004E3200B0E813 /* C4SwiftTests.swift */ = {isa = PBXFileReference; lastKnownFileType = sourcecode.swift; path = C4SwiftTests.swift; sourceTree = "<group>"; };
		D95113AB1ADF1A6C007951E0 /* Images.xcassets */ = {isa = PBXFileReference; lastKnownFileType = folder.assetcatalog; path = Images.xcassets; sourceTree = "<group>"; };
		D95113AD1ADF2167007951E0 /* menuClose.mp3 */ = {isa = PBXFileReference; lastKnownFileType = audio.mp3; path = menuClose.mp3; sourceTree = "<group>"; };
		D95113AF1ADF2173007951E0 /* menuOpen.mp3 */ = {isa = PBXFileReference; lastKnownFileType = audio.mp3; path = menuOpen.mp3; sourceTree = "<group>"; };
		D95113B71ADF2E3E007951E0 /* tick.mp3 */ = {isa = PBXFileReference; lastKnownFileType = audio.mp3; path = tick.mp3; sourceTree = "<group>"; };
		D95113B91ADF3953007951E0 /* audio2.mp3 */ = {isa = PBXFileReference; lastKnownFileType = audio.mp3; path = audio2.mp3; sourceTree = "<group>"; };
		D95113BB1ADF3959007951E0 /* audio1.mp3 */ = {isa = PBXFileReference; lastKnownFileType = audio.mp3; path = audio1.mp3; sourceTree = "<group>"; };
		D955EAF51A004F4A008356DD /* C4iOS.xcodeproj */ = {isa = PBXFileReference; lastKnownFileType = "wrapper.pb-project"; name = C4iOS.xcodeproj; path = ../../C4iOS/C4iOS.xcodeproj; sourceTree = "<group>"; };
		D95DC2E31B0E685400297179 /* InfoViewController.swift */ = {isa = PBXFileReference; fileEncoding = 4; lastKnownFileType = sourcecode.swift; path = InfoViewController.swift; sourceTree = "<group>"; };
/* End PBXFileReference section */

/* Begin PBXFrameworksBuildPhase section */
		D928B5531A004E3200B0E813 /* Frameworks */ = {
			isa = PBXFrameworksBuildPhase;
			buildActionMask = 2147483647;
			files = (
			);
			runOnlyForDeploymentPostprocessing = 0;
		};
		D928B5681A004E3200B0E813 /* Frameworks */ = {
			isa = PBXFrameworksBuildPhase;
			buildActionMask = 2147483647;
			files = (
			);
			runOnlyForDeploymentPostprocessing = 0;
		};
/* End PBXFrameworksBuildPhase section */

/* Begin PBXGroup section */
		611A13D21B1688B500A9A4B1 /* Products */ = {
			isa = PBXGroup;
			children = (
				611A13DB1B1688B500A9A4B1 /* C4UI.framework */,
				611A13DD1B1688B500A9A4B1 /* C4UITests.xctest */,
				611A13DF1B1688B500A9A4B1 /* C4Core.framework */,
				611A13E11B1688B500A9A4B1 /* C4CoreTests.xctest */,
				611A13E31B1688B500A9A4B1 /* C4Animation.framework */,
				611A13E51B1688B500A9A4B1 /* C4AnimationTests.xctest */,
			);
			name = Products;
			sourceTree = "<group>";
		};
		D928B54D1A004E3200B0E813 = {
			isa = PBXGroup;
			children = (
				D928B5581A004E3200B0E813 /* C4Swift */,
				D928B56E1A004E3200B0E813 /* C4SwiftTests */,
				D928B5571A004E3200B0E813 /* Products */,
			);
			sourceTree = "<group>";
		};
		D928B5571A004E3200B0E813 /* Products */ = {
			isa = PBXGroup;
			children = (
				D928B5561A004E3200B0E813 /* C4SMOS.app */,
				D928B56B1A004E3200B0E813 /* C4SwiftTests.xctest */,
			);
			name = Products;
			sourceTree = "<group>";
		};
		D928B5581A004E3200B0E813 /* C4Swift */ = {
			isa = PBXGroup;
			children = (
				D928B55B1A004E3200B0E813 /* AppDelegate.swift */,
				D928B55D1A004E3200B0E813 /* ViewController.swift */,
				1F389D171ADD8EFB0027CA21 /* BackgroundViewController.swift */,
				1F389D191ADD8F5E0027CA21 /* InfiniteScrollview.swift */,
				1F389D121ADD8EDC0027CA21 /* MenuViewController.swift */,
				1F25B71B1ADE2917000EC625 /* AstrologicalSignProvider.swift */,
				D95DC2E31B0E685400297179 /* InfoViewController.swift */,
				D928B55F1A004E3200B0E813 /* Main.storyboard */,
				D928B5641A004E3200B0E813 /* LaunchScreen.xib */,
				D95113AD1ADF2167007951E0 /* menuClose.mp3 */,
				D95113AF1ADF2173007951E0 /* menuOpen.mp3 */,
				D95113B71ADF2E3E007951E0 /* tick.mp3 */,
				D95113BB1ADF3959007951E0 /* audio1.mp3 */,
				D95113B91ADF3953007951E0 /* audio2.mp3 */,
				D95113AB1ADF1A6C007951E0 /* Images.xcassets */,
				D955EAF51A004F4A008356DD /* C4iOS.xcodeproj */,
				D928B5591A004E3200B0E813 /* Supporting Files */,
			);
			path = C4Swift;
			sourceTree = "<group>";
		};
		D928B5591A004E3200B0E813 /* Supporting Files */ = {
			isa = PBXGroup;
			children = (
				D928B55A1A004E3200B0E813 /* Info.plist */,
			);
			name = "Supporting Files";
			sourceTree = "<group>";
		};
		D928B56E1A004E3200B0E813 /* C4SwiftTests */ = {
			isa = PBXGroup;
			children = (
				D928B5711A004E3200B0E813 /* C4SwiftTests.swift */,
				D928B56F1A004E3200B0E813 /* Supporting Files */,
			);
			path = C4SwiftTests;
			sourceTree = "<group>";
		};
		D928B56F1A004E3200B0E813 /* Supporting Files */ = {
			isa = PBXGroup;
			children = (
				D928B5701A004E3200B0E813 /* Info.plist */,
			);
			name = "Supporting Files";
			sourceTree = "<group>";
		};
/* End PBXGroup section */

/* Begin PBXNativeTarget section */
		D928B5551A004E3200B0E813 /* C4Swift */ = {
			isa = PBXNativeTarget;
			buildConfigurationList = D928B5751A004E3200B0E813 /* Build configuration list for PBXNativeTarget "C4Swift" */;
			buildPhases = (
				D928B5521A004E3200B0E813 /* Sources */,
				D928B5531A004E3200B0E813 /* Frameworks */,
				D928B5541A004E3200B0E813 /* Resources */,
				1FA635C21A7C950B0061A54E /* CopyFiles */,
			);
			buildRules = (
			);
			dependencies = (
				611A13E81B16897F00A9A4B1 /* PBXTargetDependency */,
				611A13EA1B16897F00A9A4B1 /* PBXTargetDependency */,
				611A13EC1B16897F00A9A4B1 /* PBXTargetDependency */,
				611A13FD1B168A3400A9A4B1 /* PBXTargetDependency */,
				611A14011B168A3400A9A4B1 /* PBXTargetDependency */,
				611A14051B168A3400A9A4B1 /* PBXTargetDependency */,
			);
			name = C4Swift;
			productName = C4Swift;
			productReference = D928B5561A004E3200B0E813 /* C4SMOS.app */;
			productType = "com.apple.product-type.application";
		};
		D928B56A1A004E3200B0E813 /* C4SwiftTests */ = {
			isa = PBXNativeTarget;
			buildConfigurationList = D928B5781A004E3200B0E813 /* Build configuration list for PBXNativeTarget "C4SwiftTests" */;
			buildPhases = (
				D928B5671A004E3200B0E813 /* Sources */,
				D928B5681A004E3200B0E813 /* Frameworks */,
				D928B5691A004E3200B0E813 /* Resources */,
			);
			buildRules = (
			);
			dependencies = (
				D928B56D1A004E3200B0E813 /* PBXTargetDependency */,
			);
			name = C4SwiftTests;
			productName = C4SwiftTests;
			productReference = D928B56B1A004E3200B0E813 /* C4SwiftTests.xctest */;
			productType = "com.apple.product-type.bundle.unit-test";
		};
/* End PBXNativeTarget section */

/* Begin PBXProject section */
		D928B54E1A004E3200B0E813 /* Project object */ = {
			isa = PBXProject;
			attributes = {
				LastUpgradeCheck = 0610;
				ORGANIZATIONNAME = C4;
				TargetAttributes = {
					D928B5551A004E3200B0E813 = {
						CreatedOnToolsVersion = 6.1;
						DevelopmentTeam = 75C7KVJZ99;
					};
					D928B56A1A004E3200B0E813 = {
						CreatedOnToolsVersion = 6.1;
						TestTargetID = D928B5551A004E3200B0E813;
					};
				};
			};
			buildConfigurationList = D928B5511A004E3200B0E813 /* Build configuration list for PBXProject "C4Swift" */;
			compatibilityVersion = "Xcode 3.2";
			developmentRegion = English;
			hasScannedForEncodings = 0;
			knownRegions = (
				en,
				Base,
			);
			mainGroup = D928B54D1A004E3200B0E813;
			productRefGroup = D928B5571A004E3200B0E813 /* Products */;
			projectDirPath = "";
			projectReferences = (
				{
					ProductGroup = 611A13D21B1688B500A9A4B1 /* Products */;
					ProjectRef = D955EAF51A004F4A008356DD /* C4iOS.xcodeproj */;
				},
			);
			projectRoot = "";
			targets = (
				D928B5551A004E3200B0E813 /* C4Swift */,
				D928B56A1A004E3200B0E813 /* C4SwiftTests */,
			);
		};
/* End PBXProject section */

/* Begin PBXReferenceProxy section */
		611A13DB1B1688B500A9A4B1 /* C4UI.framework */ = {
			isa = PBXReferenceProxy;
			fileType = wrapper.framework;
			path = C4UI.framework;
			remoteRef = 611A13DA1B1688B500A9A4B1 /* PBXContainerItemProxy */;
			sourceTree = BUILT_PRODUCTS_DIR;
		};
		611A13DD1B1688B500A9A4B1 /* C4UITests.xctest */ = {
			isa = PBXReferenceProxy;
			fileType = wrapper.cfbundle;
			path = C4UITests.xctest;
			remoteRef = 611A13DC1B1688B500A9A4B1 /* PBXContainerItemProxy */;
			sourceTree = BUILT_PRODUCTS_DIR;
		};
		611A13DF1B1688B500A9A4B1 /* C4Core.framework */ = {
			isa = PBXReferenceProxy;
			fileType = wrapper.framework;
			path = C4Core.framework;
			remoteRef = 611A13DE1B1688B500A9A4B1 /* PBXContainerItemProxy */;
			sourceTree = BUILT_PRODUCTS_DIR;
		};
		611A13E11B1688B500A9A4B1 /* C4CoreTests.xctest */ = {
			isa = PBXReferenceProxy;
			fileType = wrapper.cfbundle;
			path = C4CoreTests.xctest;
			remoteRef = 611A13E01B1688B500A9A4B1 /* PBXContainerItemProxy */;
			sourceTree = BUILT_PRODUCTS_DIR;
		};
		611A13E31B1688B500A9A4B1 /* C4Animation.framework */ = {
			isa = PBXReferenceProxy;
			fileType = wrapper.framework;
			path = C4Animation.framework;
			remoteRef = 611A13E21B1688B500A9A4B1 /* PBXContainerItemProxy */;
			sourceTree = BUILT_PRODUCTS_DIR;
		};
		611A13E51B1688B500A9A4B1 /* C4AnimationTests.xctest */ = {
			isa = PBXReferenceProxy;
			fileType = wrapper.cfbundle;
			path = C4AnimationTests.xctest;
			remoteRef = 611A13E41B1688B500A9A4B1 /* PBXContainerItemProxy */;
			sourceTree = BUILT_PRODUCTS_DIR;
		};
/* End PBXReferenceProxy section */

/* Begin PBXResourcesBuildPhase section */
		D928B5541A004E3200B0E813 /* Resources */ = {
			isa = PBXResourcesBuildPhase;
			buildActionMask = 2147483647;
			files = (
				D95113B81ADF2E3E007951E0 /* tick.mp3 in Resources */,
				D928B5611A004E3200B0E813 /* Main.storyboard in Resources */,
				D95113AC1ADF1A6C007951E0 /* Images.xcassets in Resources */,
				D95113AE1ADF2167007951E0 /* menuClose.mp3 in Resources */,
				D95113BA1ADF3953007951E0 /* audio2.mp3 in Resources */,
				D928B5661A004E3200B0E813 /* LaunchScreen.xib in Resources */,
				D95113B01ADF2173007951E0 /* menuOpen.mp3 in Resources */,
				D95113BC1ADF3959007951E0 /* audio1.mp3 in Resources */,
			);
			runOnlyForDeploymentPostprocessing = 0;
		};
		D928B5691A004E3200B0E813 /* Resources */ = {
			isa = PBXResourcesBuildPhase;
			buildActionMask = 2147483647;
			files = (
			);
			runOnlyForDeploymentPostprocessing = 0;
		};
/* End PBXResourcesBuildPhase section */

/* Begin PBXSourcesBuildPhase section */
		D928B5521A004E3200B0E813 /* Sources */ = {
			isa = PBXSourcesBuildPhase;
			buildActionMask = 2147483647;
			files = (
				1F389D181ADD8EFB0027CA21 /* BackgroundViewController.swift in Sources */,
				D928B55E1A004E3200B0E813 /* ViewController.swift in Sources */,
				1F389D1A1ADD8F5E0027CA21 /* InfiniteScrollview.swift in Sources */,
				D95DC2E41B0E685400297179 /* InfoViewController.swift in Sources */,
				1F25B71C1ADE2917000EC625 /* AstrologicalSignProvider.swift in Sources */,
				1F389D131ADD8EDC0027CA21 /* MenuViewController.swift in Sources */,
				D928B55C1A004E3200B0E813 /* AppDelegate.swift in Sources */,
			);
			runOnlyForDeploymentPostprocessing = 0;
		};
		D928B5671A004E3200B0E813 /* Sources */ = {
			isa = PBXSourcesBuildPhase;
			buildActionMask = 2147483647;
			files = (
				D928B5721A004E3200B0E813 /* C4SwiftTests.swift in Sources */,
			);
			runOnlyForDeploymentPostprocessing = 0;
		};
/* End PBXSourcesBuildPhase section */

/* Begin PBXTargetDependency section */
		611A13E81B16897F00A9A4B1 /* PBXTargetDependency */ = {
			isa = PBXTargetDependency;
			name = C4UI;
			targetProxy = 611A13E71B16897F00A9A4B1 /* PBXContainerItemProxy */;
		};
		611A13EA1B16897F00A9A4B1 /* PBXTargetDependency */ = {
			isa = PBXTargetDependency;
			name = C4Core;
			targetProxy = 611A13E91B16897F00A9A4B1 /* PBXContainerItemProxy */;
		};
		611A13EC1B16897F00A9A4B1 /* PBXTargetDependency */ = {
			isa = PBXTargetDependency;
			name = C4Animation;
			targetProxy = 611A13EB1B16897F00A9A4B1 /* PBXContainerItemProxy */;
		};
		611A13FD1B168A3400A9A4B1 /* PBXTargetDependency */ = {
			isa = PBXTargetDependency;
			name = C4UI;
			targetProxy = 611A13FC1B168A3400A9A4B1 /* PBXContainerItemProxy */;
		};
		611A14011B168A3400A9A4B1 /* PBXTargetDependency */ = {
			isa = PBXTargetDependency;
			name = C4Core;
			targetProxy = 611A14001B168A3400A9A4B1 /* PBXContainerItemProxy */;
		};
		611A14051B168A3400A9A4B1 /* PBXTargetDependency */ = {
			isa = PBXTargetDependency;
			name = C4Animation;
			targetProxy = 611A14041B168A3400A9A4B1 /* PBXContainerItemProxy */;
		};
		D928B56D1A004E3200B0E813 /* PBXTargetDependency */ = {
			isa = PBXTargetDependency;
			target = D928B5551A004E3200B0E813 /* C4Swift */;
			targetProxy = D928B56C1A004E3200B0E813 /* PBXContainerItemProxy */;
		};
/* End PBXTargetDependency section */

/* Begin PBXVariantGroup section */
		D928B55F1A004E3200B0E813 /* Main.storyboard */ = {
			isa = PBXVariantGroup;
			children = (
				D928B5601A004E3200B0E813 /* Base */,
			);
			name = Main.storyboard;
			sourceTree = "<group>";
		};
		D928B5641A004E3200B0E813 /* LaunchScreen.xib */ = {
			isa = PBXVariantGroup;
			children = (
				D928B5651A004E3200B0E813 /* Base */,
			);
			name = LaunchScreen.xib;
			sourceTree = "<group>";
		};
/* End PBXVariantGroup section */

/* Begin XCBuildConfiguration section */
		D928B5731A004E3200B0E813 /* Debug */ = {
			isa = XCBuildConfiguration;
			buildSettings = {
				ALWAYS_SEARCH_USER_PATHS = NO;
				CLANG_CXX_LANGUAGE_STANDARD = "gnu++0x";
				CLANG_CXX_LIBRARY = "libc++";
				CLANG_ENABLE_MODULES = YES;
				CLANG_ENABLE_OBJC_ARC = YES;
				CLANG_WARN_BOOL_CONVERSION = YES;
				CLANG_WARN_CONSTANT_CONVERSION = YES;
				CLANG_WARN_DIRECT_OBJC_ISA_USAGE = YES_ERROR;
				CLANG_WARN_EMPTY_BODY = YES;
				CLANG_WARN_ENUM_CONVERSION = YES;
				CLANG_WARN_INT_CONVERSION = YES;
				CLANG_WARN_OBJC_ROOT_CLASS = YES_ERROR;
				CLANG_WARN_UNREACHABLE_CODE = YES;
				CLANG_WARN__DUPLICATE_METHOD_MATCH = YES;
				CODE_SIGN_IDENTITY = "iPhone Developer: Travis Stuart Kirton (L8K667RYG7)";
				"CODE_SIGN_IDENTITY[sdk=iphoneos*]" = "iPhone Developer: Travis Stuart Kirton (L8K667RYG7)";
				COPY_PHASE_STRIP = NO;
				ENABLE_STRICT_OBJC_MSGSEND = YES;
				GCC_C_LANGUAGE_STANDARD = gnu99;
				GCC_DYNAMIC_NO_PIC = NO;
				GCC_OPTIMIZATION_LEVEL = 0;
				GCC_PREPROCESSOR_DEFINITIONS = (
					"DEBUG=1",
					"$(inherited)",
				);
				GCC_SYMBOLS_PRIVATE_EXTERN = NO;
				GCC_WARN_64_TO_32_BIT_CONVERSION = YES;
				GCC_WARN_ABOUT_RETURN_TYPE = YES_ERROR;
				GCC_WARN_UNDECLARED_SELECTOR = YES;
				GCC_WARN_UNINITIALIZED_AUTOS = YES_AGGRESSIVE;
				GCC_WARN_UNUSED_FUNCTION = YES;
				GCC_WARN_UNUSED_VARIABLE = YES;
				IPHONEOS_DEPLOYMENT_TARGET = 8.3;
				MTL_ENABLE_DEBUG_INFO = YES;
				ONLY_ACTIVE_ARCH = YES;
				SDKROOT = iphoneos;
				SWIFT_OPTIMIZATION_LEVEL = "-Onone";
				TARGETED_DEVICE_FAMILY = "1,2";
			};
			name = Debug;
		};
		D928B5741A004E3200B0E813 /* Release */ = {
			isa = XCBuildConfiguration;
			buildSettings = {
				ALWAYS_SEARCH_USER_PATHS = NO;
				CLANG_CXX_LANGUAGE_STANDARD = "gnu++0x";
				CLANG_CXX_LIBRARY = "libc++";
				CLANG_ENABLE_MODULES = YES;
				CLANG_ENABLE_OBJC_ARC = YES;
				CLANG_WARN_BOOL_CONVERSION = YES;
				CLANG_WARN_CONSTANT_CONVERSION = YES;
				CLANG_WARN_DIRECT_OBJC_ISA_USAGE = YES_ERROR;
				CLANG_WARN_EMPTY_BODY = YES;
				CLANG_WARN_ENUM_CONVERSION = YES;
				CLANG_WARN_INT_CONVERSION = YES;
				CLANG_WARN_OBJC_ROOT_CLASS = YES_ERROR;
				CLANG_WARN_UNREACHABLE_CODE = YES;
				CLANG_WARN__DUPLICATE_METHOD_MATCH = YES;
				CODE_SIGN_IDENTITY = "iPhone Developer: Travis Stuart Kirton (L8K667RYG7)";
				"CODE_SIGN_IDENTITY[sdk=iphoneos*]" = "iPhone Developer: Travis Stuart Kirton (L8K667RYG7)";
				COPY_PHASE_STRIP = YES;
				ENABLE_NS_ASSERTIONS = NO;
				ENABLE_STRICT_OBJC_MSGSEND = YES;
				GCC_C_LANGUAGE_STANDARD = gnu99;
				GCC_WARN_64_TO_32_BIT_CONVERSION = YES;
				GCC_WARN_ABOUT_RETURN_TYPE = YES_ERROR;
				GCC_WARN_UNDECLARED_SELECTOR = YES;
				GCC_WARN_UNINITIALIZED_AUTOS = YES_AGGRESSIVE;
				GCC_WARN_UNUSED_FUNCTION = YES;
				GCC_WARN_UNUSED_VARIABLE = YES;
				IPHONEOS_DEPLOYMENT_TARGET = 8.3;
				MTL_ENABLE_DEBUG_INFO = NO;
				SDKROOT = iphoneos;
				TARGETED_DEVICE_FAMILY = "1,2";
				VALIDATE_PRODUCT = YES;
			};
			name = Release;
		};
		D928B5761A004E3200B0E813 /* Debug */ = {
			isa = XCBuildConfiguration;
			buildSettings = {
				ASSETCATALOG_COMPILER_APPICON_NAME = AppIcon;
				CODE_SIGN_IDENTITY = "iPhone Developer";
				"CODE_SIGN_IDENTITY[sdk=iphoneos*]" = "iPhone Developer";
				COPY_PHASE_STRIP = YES;
				EMBEDDED_CONTENT_CONTAINS_SWIFT = YES;
				INFOPLIST_FILE = C4Swift/Info.plist;
				IPHONEOS_DEPLOYMENT_TARGET = 8.3;
				LD_RUNPATH_SEARCH_PATHS = "$(inherited) @executable_path/Frameworks";
				PRODUCT_NAME = C4SMOS;
				PROVISIONING_PROFILE = "";
				TARGETED_DEVICE_FAMILY = 1;
				"USER_HEADER_SEARCH_PATHS[arch=*]" = "/Users/travis/Development/C4iOS/**";
			};
			name = Debug;
		};
		D928B5771A004E3200B0E813 /* Release */ = {
			isa = XCBuildConfiguration;
			buildSettings = {
				ASSETCATALOG_COMPILER_APPICON_NAME = AppIcon;
				CODE_SIGN_IDENTITY = "iPhone Developer";
				"CODE_SIGN_IDENTITY[sdk=iphoneos*]" = "iPhone Developer";
				EMBEDDED_CONTENT_CONTAINS_SWIFT = YES;
				INFOPLIST_FILE = C4Swift/Info.plist;
				IPHONEOS_DEPLOYMENT_TARGET = 8.3;
				LD_RUNPATH_SEARCH_PATHS = "$(inherited) @executable_path/Frameworks";
				PRODUCT_NAME = C4SMOS;
				PROVISIONING_PROFILE = "";
				TARGETED_DEVICE_FAMILY = 1;
				"USER_HEADER_SEARCH_PATHS[arch=*]" = "/Users/travis/Development/C4iOS/**";
			};
			name = Release;
		};
		D928B5791A004E3200B0E813 /* Debug */ = {
			isa = XCBuildConfiguration;
			buildSettings = {
				BUNDLE_LOADER = "$(TEST_HOST)";
				CODE_SIGN_IDENTITY = "iPhone Developer: Travis Stuart Kirton (L8K667RYG7)";
				FRAMEWORK_SEARCH_PATHS = (
					"$(SDKROOT)/Developer/Library/Frameworks",
					"$(inherited)",
				);
				GCC_PREPROCESSOR_DEFINITIONS = (
					"DEBUG=1",
					"$(inherited)",
				);
				INFOPLIST_FILE = C4SwiftTests/Info.plist;
				IPHONEOS_DEPLOYMENT_TARGET = 8.3;
				LD_RUNPATH_SEARCH_PATHS = "$(inherited) @executable_path/Frameworks @loader_path/Frameworks";
				PRODUCT_NAME = "$(TARGET_NAME)";
				TEST_HOST = "$(BUILT_PRODUCTS_DIR)/C4Swift.app/C4Swift";
			};
			name = Debug;
		};
		D928B57A1A004E3200B0E813 /* Release */ = {
			isa = XCBuildConfiguration;
			buildSettings = {
				BUNDLE_LOADER = "$(TEST_HOST)";
				CODE_SIGN_IDENTITY = "iPhone Developer: Travis Stuart Kirton (L8K667RYG7)";
				FRAMEWORK_SEARCH_PATHS = (
					"$(SDKROOT)/Developer/Library/Frameworks",
					"$(inherited)",
				);
				INFOPLIST_FILE = C4SwiftTests/Info.plist;
				IPHONEOS_DEPLOYMENT_TARGET = 8.3;
				LD_RUNPATH_SEARCH_PATHS = "$(inherited) @executable_path/Frameworks @loader_path/Frameworks";
				PRODUCT_NAME = "$(TARGET_NAME)";
				PROVISIONING_PROFILE = "dd12fa13-dc75-48dc-8266-ccc9afd8c174";
				TEST_HOST = "$(BUILT_PRODUCTS_DIR)/C4Swift.app/C4Swift";
			};
			name = Release;
		};
/* End XCBuildConfiguration section */

/* Begin XCConfigurationList section */
		D928B5511A004E3200B0E813 /* Build configuration list for PBXProject "C4Swift" */ = {
			isa = XCConfigurationList;
			buildConfigurations = (
				D928B5731A004E3200B0E813 /* Debug */,
				D928B5741A004E3200B0E813 /* Release */,
			);
			defaultConfigurationIsVisible = 0;
			defaultConfigurationName = Release;
		};
		D928B5751A004E3200B0E813 /* Build configuration list for PBXNativeTarget "C4Swift" */ = {
			isa = XCConfigurationList;
			buildConfigurations = (
				D928B5761A004E3200B0E813 /* Debug */,
				D928B5771A004E3200B0E813 /* Release */,
			);
			defaultConfigurationIsVisible = 0;
			defaultConfigurationName = Release;
		};
		D928B5781A004E3200B0E813 /* Build configuration list for PBXNativeTarget "C4SwiftTests" */ = {
			isa = XCConfigurationList;
			buildConfigurations = (
				D928B5791A004E3200B0E813 /* Debug */,
				D928B57A1A004E3200B0E813 /* Release */,
			);
			defaultConfigurationIsVisible = 0;
			defaultConfigurationName = Release;
		};
/* End XCConfigurationList section */
	};
	rootObject = D928B54E1A004E3200B0E813 /* Project object */;
}
